
Microsoft Visual Studio Solution File, Format Version 12.00
# Visual Studio Version 16
VisualStudioVersion = 16.0.30621.155
MinimumVisualStudioVersion = 10.0.40219.1
Project("{FAE04EC0-301F-11D3-BF4B-00C04F79EFBC}") = "RR", "RR\RR.csproj", "{7E58DC91-00E3-457D-96D8-75F256E1BB17}"
EndProject
Project("{FAE04EC0-301F-11D3-BF4B-00C04F79EFBC}") = "RR-Tests", "RR-Tests\RR-Tests.csproj", "{980BFF0E-4CD7-420A-A86E-56D07215ABB0}"
EndProject
Global
	GlobalSection(SolutionConfigurationPlatforms) = preSolution
		Debug|Any CPU = Debug|Any CPU
		Release|Any CPU = Release|Any CPU
	EndGlobalSection
	GlobalSection(ProjectConfigurationPlatforms) = postSolution
		{7E58DC91-00E3-457D-96D8-75F256E1BB17}.Debug|Any CPU.ActiveCfg = Debug|Any CPU
		{7E58DC91-00E3-457D-96D8-75F256E1BB17}.Debug|Any CPU.Build.0 = Debug|Any CPU
		{7E58DC91-00E3-457D-96D8-75F256E1BB17}.Release|Any CPU.ActiveCfg = Release|Any CPU
		{7E58DC91-00E3-457D-96D8-75F256E1BB17}.Release|Any CPU.Build.0 = Release|Any CPU
		{980BFF0E-4CD7-420A-A86E-56D07215ABB0}.Debug|Any CPU.ActiveCfg = Debug|Any CPU
		{980BFF0E-4CD7-420A-A86E-56D07215ABB0}.Debug|Any CPU.Build.0 = Debug|Any CPU
		{980BFF0E-4CD7-420A-A86E-56D07215ABB0}.Release|Any CPU.ActiveCfg = Release|Any CPU
		{980BFF0E-4CD7-420A-A86E-56D07215ABB0}.Release|Any CPU.Build.0 = Release|Any CPU
	EndGlobalSection
	GlobalSection(SolutionProperties) = preSolution
		HideSolutionNode = FALSE
	EndGlobalSection
	GlobalSection(ExtensibilityGlobals) = postSolution
		SolutionGuid = {982A762A-85A6-4267-BB60-C109A2519D98}
	EndGlobalSection
EndGlobal
